
Microsoft Visual Studio Solution File, Format Version 12.00
# Visual Studio Version 17
VisualStudioVersion = 17.3.32901.215
MinimumVisualStudioVersion = 10.0.40219.1
Project("{FAE04EC0-301F-11D3-BF4B-00C04F79EFBC}") = "ConsoleApp1", "ConsoleApp1\ConsoleApp1.csproj", "{FE830DEE-2274-4F84-8652-E9572ADC2C37}"
EndProject
Global
	GlobalSection(SolutionConfigurationPlatforms) = preSolution
		Debug|Any CPU = Debug|Any CPU
		Release|Any CPU = Release|Any CPU
	EndGlobalSection
	GlobalSection(ProjectConfigurationPlatforms) = postSolution
		{FE830DEE-2274-4F84-8652-E9572ADC2C37}.Debug|Any CPU.ActiveCfg = Debug|Any CPU
		{FE830DEE-2274-4F84-8652-E9572ADC2C37}.Debug|Any CPU.Build.0 = Debug|Any CPU
		{FE830DEE-2274-4F84-8652-E9572ADC2C37}.Release|Any CPU.ActiveCfg = Release|Any CPU
		{FE830DEE-2274-4F84-8652-E9572ADC2C37}.Release|Any CPU.Build.0 = Release|Any CPU
	EndGlobalSection
	GlobalSection(SolutionProperties) = preSolution
		HideSolutionNode = FALSE
	EndGlobalSection
	GlobalSection(ExtensibilityGlobals) = postSolution
		SolutionGuid = {E1EF28A2-4B31-420C-B469-587F8467E119}
	EndGlobalSection
EndGlobal
